
Microsoft Visual Studio Solution File, Format Version 12.00
# Visual Studio Version 17
VisualStudioVersion = 17.10.35122.118
MinimumVisualStudioVersion = 10.0.40219.1
Project("{2150E333-8FDC-42A3-9474-1A3956D46DE8}") = "Services", "Services", "{6AD8D7C5-439F-4291-9AC9-3C60D1DFC291}"
EndProject
Project("{2150E333-8FDC-42A3-9474-1A3956D46DE8}") = "ImageProcessingService", "ImageProcessingService", "{AC94FBBA-7603-481F-BC2B-873665FA43FB}"
EndProject
Project("{9A19103F-16F7-4668-BE54-9A1E7A4F7556}") = "ImageProcessingService", "Services\ImageProcessingService\ImageProcessingService\ImageProcessingService.csproj", "{70330439-AE2B-42C1-8648-E46D19C6BBC9}"
EndProject
Project("{2150E333-8FDC-42A3-9474-1A3956D46DE8}") = "IdentityService", "IdentityService", "{7621626A-E473-449C-9F9B-927A1A97370A}"
EndProject
Project("{9A19103F-16F7-4668-BE54-9A1E7A4F7556}") = "IdentityService", "Services\IdentityService\IdentityService\IdentityService.csproj", "{25D810FE-82F9-4588-9E48-BAE790DDFCF8}"
EndProject
Project("{9A19103F-16F7-4668-BE54-9A1E7A4F7556}") = "Identity.EntityLayer", "Services\IdentityService\Identity.EntityLayer\Identity.EntityLayer.csproj", "{2240F28F-4BE3-44CB-9A7E-F9E3E7737E0D}"
EndProject
Project("{9A19103F-16F7-4668-BE54-9A1E7A4F7556}") = "Identity.ApplicationLayer", "Services\IdentityService\Identity.ApplicationLayer\Identity.ApplicationLayer.csproj", "{871E30D0-51B7-4E73-8232-E901EF49AC13}"
EndProject
Project("{9A19103F-16F7-4668-BE54-9A1E7A4F7556}") = "Identity.BusinessLayer", "Services\IdentityService\Identity.BusinessLayer\Identity.BusinessLayer.csproj", "{9C3A451C-7743-45D4-AF55-EA03FAD717BA}"
EndProject
Project("{9A19103F-16F7-4668-BE54-9A1E7A4F7556}") = "Identity.PersistenceLayer", "Services\IdentityService\Identity.PersistenceLayer\Identity.PersistenceLayer.csproj", "{7866027C-5249-4513-9F83-DCBEAE6AAD89}"
EndProject
Project("{2150E333-8FDC-42A3-9474-1A3956D46DE8}") = "WalletService", "WalletService", "{4935BB98-7FBE-456B-9812-A0E2F69A40EB}"
EndProject
Project("{9A19103F-16F7-4668-BE54-9A1E7A4F7556}") = "Wallet.Entity", "Services\WalletService\Wallet.Entity\Wallet.Entity.csproj", "{9B3A7D68-D72F-4482-A849-99A0DDAF89DA}"
EndProject
Project("{9A19103F-16F7-4668-BE54-9A1E7A4F7556}") = "Wallet.Application", "Services\WalletService\Wallet.Application\Wallet.Application.csproj", "{75593ECF-DFB2-48CC-AF0B-E0201C7E8DEA}"
EndProject
Project("{9A19103F-16F7-4668-BE54-9A1E7A4F7556}") = "Wallet.Persistence", "Services\WalletService\Wallet.Persistence\Wallet.Persistence.csproj", "{7DDEFEE6-0414-4864-9C0B-0D9DD1EB0889}"
EndProject
Project("{9A19103F-16F7-4668-BE54-9A1E7A4F7556}") = "Wallet.Business", "Services\WalletService\Wallet.Business\Wallet.Business.csproj", "{CC05B943-8578-4E46-96EF-A84902E4352F}"
EndProject
Project("{9A19103F-16F7-4668-BE54-9A1E7A4F7556}") = "Wallet.API", "Services\WalletService\Wallet.API\Wallet.API.csproj", "{A15E4CA8-7E02-4DC4-9F29-ACD02DFD1073}"
EndProject
Project("{2150E333-8FDC-42A3-9474-1A3956D46DE8}") = "PaymentService", "PaymentService", "{4A879947-4CA6-44BE-8DA3-32AE5442CBE8}"
EndProject
Project("{2150E333-8FDC-42A3-9474-1A3956D46DE8}") = "Frontend", "Frontend", "{C3C65F98-7B4F-48D1-A5FF-8FED892D2831}"
EndProject
Project("{FAE04EC0-301F-11D3-BF4B-00C04F79EFBC}") = "ImageAI.UI", "Frontend\ImageAI.UI\ImageAI.UI.csproj", "{462F1FC0-D61A-44A6-8F25-9702ADB14F61}"
EndProject
Global
	GlobalSection(SolutionConfigurationPlatforms) = preSolution
		Debug|Any CPU = Debug|Any CPU
		Release|Any CPU = Release|Any CPU
	EndGlobalSection
	GlobalSection(ProjectConfigurationPlatforms) = postSolution
		{70330439-AE2B-42C1-8648-E46D19C6BBC9}.Debug|Any CPU.ActiveCfg = Debug|Any CPU
		{70330439-AE2B-42C1-8648-E46D19C6BBC9}.Debug|Any CPU.Build.0 = Debug|Any CPU
		{70330439-AE2B-42C1-8648-E46D19C6BBC9}.Release|Any CPU.ActiveCfg = Release|Any CPU
		{70330439-AE2B-42C1-8648-E46D19C6BBC9}.Release|Any CPU.Build.0 = Release|Any CPU
		{25D810FE-82F9-4588-9E48-BAE790DDFCF8}.Debug|Any CPU.ActiveCfg = Debug|Any CPU
		{25D810FE-82F9-4588-9E48-BAE790DDFCF8}.Debug|Any CPU.Build.0 = Debug|Any CPU
		{25D810FE-82F9-4588-9E48-BAE790DDFCF8}.Release|Any CPU.ActiveCfg = Release|Any CPU
		{25D810FE-82F9-4588-9E48-BAE790DDFCF8}.Release|Any CPU.Build.0 = Release|Any CPU
		{2240F28F-4BE3-44CB-9A7E-F9E3E7737E0D}.Debug|Any CPU.ActiveCfg = Debug|Any CPU
		{2240F28F-4BE3-44CB-9A7E-F9E3E7737E0D}.Debug|Any CPU.Build.0 = Debug|Any CPU
		{2240F28F-4BE3-44CB-9A7E-F9E3E7737E0D}.Release|Any CPU.ActiveCfg = Release|Any CPU
		{2240F28F-4BE3-44CB-9A7E-F9E3E7737E0D}.Release|Any CPU.Build.0 = Release|Any CPU
		{871E30D0-51B7-4E73-8232-E901EF49AC13}.Debug|Any CPU.ActiveCfg = Debug|Any CPU
		{871E30D0-51B7-4E73-8232-E901EF49AC13}.Debug|Any CPU.Build.0 = Debug|Any CPU
		{871E30D0-51B7-4E73-8232-E901EF49AC13}.Release|Any CPU.ActiveCfg = Release|Any CPU
		{871E30D0-51B7-4E73-8232-E901EF49AC13}.Release|Any CPU.Build.0 = Release|Any CPU
		{9C3A451C-7743-45D4-AF55-EA03FAD717BA}.Debug|Any CPU.ActiveCfg = Debug|Any CPU
		{9C3A451C-7743-45D4-AF55-EA03FAD717BA}.Debug|Any CPU.Build.0 = Debug|Any CPU
		{9C3A451C-7743-45D4-AF55-EA03FAD717BA}.Release|Any CPU.ActiveCfg = Release|Any CPU
		{9C3A451C-7743-45D4-AF55-EA03FAD717BA}.Release|Any CPU.Build.0 = Release|Any CPU
		{7866027C-5249-4513-9F83-DCBEAE6AAD89}.Debug|Any CPU.ActiveCfg = Debug|Any CPU
		{7866027C-5249-4513-9F83-DCBEAE6AAD89}.Debug|Any CPU.Build.0 = Debug|Any CPU
		{7866027C-5249-4513-9F83-DCBEAE6AAD89}.Release|Any CPU.ActiveCfg = Release|Any CPU
		{7866027C-5249-4513-9F83-DCBEAE6AAD89}.Release|Any CPU.Build.0 = Release|Any CPU
		{9B3A7D68-D72F-4482-A849-99A0DDAF89DA}.Debug|Any CPU.ActiveCfg = Debug|Any CPU
		{9B3A7D68-D72F-4482-A849-99A0DDAF89DA}.Debug|Any CPU.Build.0 = Debug|Any CPU
		{9B3A7D68-D72F-4482-A849-99A0DDAF89DA}.Release|Any CPU.ActiveCfg = Release|Any CPU
		{9B3A7D68-D72F-4482-A849-99A0DDAF89DA}.Release|Any CPU.Build.0 = Release|Any CPU
		{75593ECF-DFB2-48CC-AF0B-E0201C7E8DEA}.Debug|Any CPU.ActiveCfg = Debug|Any CPU
		{75593ECF-DFB2-48CC-AF0B-E0201C7E8DEA}.Debug|Any CPU.Build.0 = Debug|Any CPU
		{75593ECF-DFB2-48CC-AF0B-E0201C7E8DEA}.Release|Any CPU.ActiveCfg = Release|Any CPU
		{75593ECF-DFB2-48CC-AF0B-E0201C7E8DEA}.Release|Any CPU.Build.0 = Release|Any CPU
		{7DDEFEE6-0414-4864-9C0B-0D9DD1EB0889}.Debug|Any CPU.ActiveCfg = Debug|Any CPU
		{7DDEFEE6-0414-4864-9C0B-0D9DD1EB0889}.Debug|Any CPU.Build.0 = Debug|Any CPU
		{7DDEFEE6-0414-4864-9C0B-0D9DD1EB0889}.Release|Any CPU.ActiveCfg = Release|Any CPU
		{7DDEFEE6-0414-4864-9C0B-0D9DD1EB0889}.Release|Any CPU.Build.0 = Release|Any CPU
		{CC05B943-8578-4E46-96EF-A84902E4352F}.Debug|Any CPU.ActiveCfg = Debug|Any CPU
		{CC05B943-8578-4E46-96EF-A84902E4352F}.Debug|Any CPU.Build.0 = Debug|Any CPU
		{CC05B943-8578-4E46-96EF-A84902E4352F}.Release|Any CPU.ActiveCfg = Release|Any CPU
		{CC05B943-8578-4E46-96EF-A84902E4352F}.Release|Any CPU.Build.0 = Release|Any CPU
		{A15E4CA8-7E02-4DC4-9F29-ACD02DFD1073}.Debug|Any CPU.ActiveCfg = Debug|Any CPU
		{A15E4CA8-7E02-4DC4-9F29-ACD02DFD1073}.Debug|Any CPU.Build.0 = Debug|Any CPU
		{A15E4CA8-7E02-4DC4-9F29-ACD02DFD1073}.Release|Any CPU.ActiveCfg = Release|Any CPU
		{A15E4CA8-7E02-4DC4-9F29-ACD02DFD1073}.Release|Any CPU.Build.0 = Release|Any CPU
		{462F1FC0-D61A-44A6-8F25-9702ADB14F61}.Debug|Any CPU.ActiveCfg = Debug|Any CPU
		{462F1FC0-D61A-44A6-8F25-9702ADB14F61}.Debug|Any CPU.Build.0 = Debug|Any CPU
		{462F1FC0-D61A-44A6-8F25-9702ADB14F61}.Release|Any CPU.ActiveCfg = Release|Any CPU
		{462F1FC0-D61A-44A6-8F25-9702ADB14F61}.Release|Any CPU.Build.0 = Release|Any CPU
	EndGlobalSection
	GlobalSection(SolutionProperties) = preSolution
		HideSolutionNode = FALSE
	EndGlobalSection
	GlobalSection(NestedProjects) = preSolution
		{AC94FBBA-7603-481F-BC2B-873665FA43FB} = {6AD8D7C5-439F-4291-9AC9-3C60D1DFC291}
		{70330439-AE2B-42C1-8648-E46D19C6BBC9} = {AC94FBBA-7603-481F-BC2B-873665FA43FB}
		{7621626A-E473-449C-9F9B-927A1A97370A} = {6AD8D7C5-439F-4291-9AC9-3C60D1DFC291}
		{25D810FE-82F9-4588-9E48-BAE790DDFCF8} = {7621626A-E473-449C-9F9B-927A1A97370A}
		{2240F28F-4BE3-44CB-9A7E-F9E3E7737E0D} = {7621626A-E473-449C-9F9B-927A1A97370A}
		{871E30D0-51B7-4E73-8232-E901EF49AC13} = {7621626A-E473-449C-9F9B-927A1A97370A}
		{9C3A451C-7743-45D4-AF55-EA03FAD717BA} = {7621626A-E473-449C-9F9B-927A1A97370A}
		{7866027C-5249-4513-9F83-DCBEAE6AAD89} = {7621626A-E473-449C-9F9B-927A1A97370A}
		{4935BB98-7FBE-456B-9812-A0E2F69A40EB} = {6AD8D7C5-439F-4291-9AC9-3C60D1DFC291}
		{9B3A7D68-D72F-4482-A849-99A0DDAF89DA} = {4935BB98-7FBE-456B-9812-A0E2F69A40EB}
		{75593ECF-DFB2-48CC-AF0B-E0201C7E8DEA} = {4935BB98-7FBE-456B-9812-A0E2F69A40EB}
		{7DDEFEE6-0414-4864-9C0B-0D9DD1EB0889} = {4935BB98-7FBE-456B-9812-A0E2F69A40EB}
		{CC05B943-8578-4E46-96EF-A84902E4352F} = {4935BB98-7FBE-456B-9812-A0E2F69A40EB}
		{A15E4CA8-7E02-4DC4-9F29-ACD02DFD1073} = {4935BB98-7FBE-456B-9812-A0E2F69A40EB}
		{4A879947-4CA6-44BE-8DA3-32AE5442CBE8} = {6AD8D7C5-439F-4291-9AC9-3C60D1DFC291}
		{462F1FC0-D61A-44A6-8F25-9702ADB14F61} = {C3C65F98-7B4F-48D1-A5FF-8FED892D2831}
	EndGlobalSection
	GlobalSection(ExtensibilityGlobals) = postSolution
		SolutionGuid = {70F385B4-3C05-4B0E-B81C-A2CD9FB878FB}
	EndGlobalSection
EndGlobal
